
Microsoft Visual Studio Solution File, Format Version 12.00
# Visual Studio 15
Project("{FAE04EC0-301F-11D3-BF4B-00C04F79EFBC}") = "Assembly-CSharp-firstpass", "Assembly-CSharp-firstpass.csproj", "{BE8F65CF-23A2-D2FB-3759-18A33E54AE3F}"
EndProject
Project("{FAE04EC0-301F-11D3-BF4B-00C04F79EFBC}") = "Assembly-CSharp", "Assembly-CSharp.csproj", "{4750C8CF-20D4-D8E4-2983-2E9E56DA2C69}"
EndProject
Project("{FAE04EC0-301F-11D3-BF4B-00C04F79EFBC}") = "Assembly-CSharp-Editor-firstpass", "Assembly-CSharp-Editor-firstpass.csproj", "{09123436-DED8-50DD-2ABB-E3FFE1DB6A0E}"
EndProject
Project("{FAE04EC0-301F-11D3-BF4B-00C04F79EFBC}") = "Assembly-CSharp-Editor", "Assembly-CSharp-Editor.csproj", "{9A6EFA14-B7A1-253E-90D0-1D38AC7BB723}"
EndProject
Global
	GlobalSection(SolutionConfigurationPlatforms) = preSolution
		Debug|Any CPU = Debug|Any CPU
		Release|Any CPU = Release|Any CPU
	EndGlobalSection
	GlobalSection(ProjectConfigurationPlatforms) = postSolution
		{BE8F65CF-23A2-D2FB-3759-18A33E54AE3F}.Debug|Any CPU.ActiveCfg = Debug|Any CPU
		{BE8F65CF-23A2-D2FB-3759-18A33E54AE3F}.Debug|Any CPU.Build.0 = Debug|Any CPU
		{BE8F65CF-23A2-D2FB-3759-18A33E54AE3F}.Release|Any CPU.ActiveCfg = Release|Any CPU
		{BE8F65CF-23A2-D2FB-3759-18A33E54AE3F}.Release|Any CPU.Build.0 = Release|Any CPU
		{4750C8CF-20D4-D8E4-2983-2E9E56DA2C69}.Debug|Any CPU.ActiveCfg = Debug|Any CPU
		{4750C8CF-20D4-D8E4-2983-2E9E56DA2C69}.Debug|Any CPU.Build.0 = Debug|Any CPU
		{4750C8CF-20D4-D8E4-2983-2E9E56DA2C69}.Release|Any CPU.ActiveCfg = Release|Any CPU
		{4750C8CF-20D4-D8E4-2983-2E9E56DA2C69}.Release|Any CPU.Build.0 = Release|Any CPU
		{09123436-DED8-50DD-2ABB-E3FFE1DB6A0E}.Debug|Any CPU.ActiveCfg = Debug|Any CPU
		{09123436-DED8-50DD-2ABB-E3FFE1DB6A0E}.Debug|Any CPU.Build.0 = Debug|Any CPU
		{09123436-DED8-50DD-2ABB-E3FFE1DB6A0E}.Release|Any CPU.ActiveCfg = Release|Any CPU
		{09123436-DED8-50DD-2ABB-E3FFE1DB6A0E}.Release|Any CPU.Build.0 = Release|Any CPU
		{9A6EFA14-B7A1-253E-90D0-1D38AC7BB723}.Debug|Any CPU.ActiveCfg = Debug|Any CPU
		{9A6EFA14-B7A1-253E-90D0-1D38AC7BB723}.Debug|Any CPU.Build.0 = Debug|Any CPU
		{9A6EFA14-B7A1-253E-90D0-1D38AC7BB723}.Release|Any CPU.ActiveCfg = Release|Any CPU
		{9A6EFA14-B7A1-253E-90D0-1D38AC7BB723}.Release|Any CPU.Build.0 = Release|Any CPU
	EndGlobalSection
	GlobalSection(SolutionProperties) = preSolution
		HideSolutionNode = FALSE
	EndGlobalSection
EndGlobal
